
Microsoft Visual Studio Solution File, Format Version 12.00
# Visual Studio Version 17
VisualStudioVersion = 17.0.32014.148
MinimumVisualStudioVersion = 10.0.40219.1
Project("{FAE04EC0-301F-11D3-BF4B-00C04F79EFBC}") = "TextFilter", "src\TextFilter\TextFilter.csproj", "{3E9AFB37-B62A-4883-8F7E-BA840BCA7283}"
EndProject
Project("{FAE04EC0-301F-11D3-BF4B-00C04F79EFBC}") = "TextFilter.Tests", "tests\TextFilter.Tests\TextFilter.Tests.csproj", "{140EAE41-C9A0-47CD-A16A-0BFD81E67605}"
EndProject
Global
	GlobalSection(SolutionConfigurationPlatforms) = preSolution
		Debug|Any CPU = Debug|Any CPU
		Release|Any CPU = Release|Any CPU
	EndGlobalSection
	GlobalSection(ProjectConfigurationPlatforms) = postSolution
		{3E9AFB37-B62A-4883-8F7E-BA840BCA7283}.Debug|Any CPU.ActiveCfg = Debug|Any CPU
		{3E9AFB37-B62A-4883-8F7E-BA840BCA7283}.Debug|Any CPU.Build.0 = Debug|Any CPU
		{3E9AFB37-B62A-4883-8F7E-BA840BCA7283}.Release|Any CPU.ActiveCfg = Release|Any CPU
		{3E9AFB37-B62A-4883-8F7E-BA840BCA7283}.Release|Any CPU.Build.0 = Release|Any CPU
		{140EAE41-C9A0-47CD-A16A-0BFD81E67605}.Debug|Any CPU.ActiveCfg = Debug|Any CPU
		{140EAE41-C9A0-47CD-A16A-0BFD81E67605}.Debug|Any CPU.Build.0 = Debug|Any CPU
		{140EAE41-C9A0-47CD-A16A-0BFD81E67605}.Release|Any CPU.ActiveCfg = Release|Any CPU
		{140EAE41-C9A0-47CD-A16A-0BFD81E67605}.Release|Any CPU.Build.0 = Release|Any CPU
	EndGlobalSection
	GlobalSection(SolutionProperties) = preSolution
		HideSolutionNode = FALSE
	EndGlobalSection
	GlobalSection(ExtensibilityGlobals) = postSolution
		SolutionGuid = {90DE362C-07C2-412F-90C6-1F06C0910DD7}
	EndGlobalSection
EndGlobal
